
Microsoft Visual Studio Solution File, Format Version 12.00
# Visual Studio 15
VisualStudioVersion = 15.0.28307.757
MinimumVisualStudioVersion = 10.0.40219.1
Project("{FAE04EC0-301F-11D3-BF4B-00C04F79EFBC}") = "WebApplicationRoleBaseAuthentication", "WebApplicationRoleBaseAuthentication\WebApplicationRoleBaseAuthentication.csproj", "{72F27E17-7670-4BAF-A8EC-6DC375230035}"
EndProject
Global
	GlobalSection(SolutionConfigurationPlatforms) = preSolution
		Debug|Any CPU = Debug|Any CPU
		Release|Any CPU = Release|Any CPU
	EndGlobalSection
	GlobalSection(ProjectConfigurationPlatforms) = postSolution
		{72F27E17-7670-4BAF-A8EC-6DC375230035}.Debug|Any CPU.ActiveCfg = Debug|Any CPU
		{72F27E17-7670-4BAF-A8EC-6DC375230035}.Debug|Any CPU.Build.0 = Debug|Any CPU
		{72F27E17-7670-4BAF-A8EC-6DC375230035}.Release|Any CPU.ActiveCfg = Release|Any CPU
		{72F27E17-7670-4BAF-A8EC-6DC375230035}.Release|Any CPU.Build.0 = Release|Any CPU
	EndGlobalSection
	GlobalSection(SolutionProperties) = preSolution
		HideSolutionNode = FALSE
	EndGlobalSection
	GlobalSection(ExtensibilityGlobals) = postSolution
		SolutionGuid = {EA431D26-26DC-4C0B-98E0-263142FB7245}
	EndGlobalSection
EndGlobal
